
Microsoft Visual Studio Solution File, Format Version 12.00
# Visual Studio Version 17
VisualStudioVersion = 17.9.34622.214
MinimumVisualStudioVersion = 10.0.40219.1
Project("{FAE04EC0-301F-11D3-BF4B-00C04F79EFBC}") = "task 999", "task 999\task 999.csproj", "{58DF16F4-38C5-4DC0-94D9-42A9E6EF7716}"
EndProject
Global
	GlobalSection(SolutionConfigurationPlatforms) = preSolution
		Debug|Any CPU = Debug|Any CPU
		Release|Any CPU = Release|Any CPU
	EndGlobalSection
	GlobalSection(ProjectConfigurationPlatforms) = postSolution
		{58DF16F4-38C5-4DC0-94D9-42A9E6EF7716}.Debug|Any CPU.ActiveCfg = Debug|Any CPU
		{58DF16F4-38C5-4DC0-94D9-42A9E6EF7716}.Debug|Any CPU.Build.0 = Debug|Any CPU
		{58DF16F4-38C5-4DC0-94D9-42A9E6EF7716}.Release|Any CPU.ActiveCfg = Release|Any CPU
		{58DF16F4-38C5-4DC0-94D9-42A9E6EF7716}.Release|Any CPU.Build.0 = Release|Any CPU
	EndGlobalSection
	GlobalSection(SolutionProperties) = preSolution
		HideSolutionNode = FALSE
	EndGlobalSection
	GlobalSection(ExtensibilityGlobals) = postSolution
		SolutionGuid = {84C17825-5BE0-4828-B669-94329E9B034B}
	EndGlobalSection
EndGlobal
